# This file is autogenerated, do not edit; changes may be undone by the next 'dep ensure'.


[[projects]]
  digest = "1:3076a0751f5648f3ab1838abfba18bc5bf514cde7e3957500b62fba90633479a"
  name = "github.com/antlr/antlr4"
  packages = ["runtime/Go/antlr"]
  pruneopts = "UT"
  revision = "7a3f40bc341ddfb463d6e0aa1a6265064d020cb6"
  version = "4.8"

[solve-meta]
  analyzer-name = "dep"
  analyzer-version = 1
  input-imports = ["github.com/antlr/antlr4/runtime/Go/antlr"]
  solver-name = "gps-cdcl"
  solver-version = 1
